
Microsoft Visual Studio Solution File, Format Version 12.00
# Visual Studio Version 17
VisualStudioVersion = 17.7.34009.444
MinimumVisualStudioVersion = 10.0.40219.1
Project("{FAE04EC0-301F-11D3-BF4B-00C04F79EFBC}") = "Registro_BasicoC#", "Registro_BasicoC#\Registro_BasicoC#.csproj", "{B2BFFCDD-DD56-4584-A5A1-8288D364330F}"
EndProject
Global
	GlobalSection(SolutionConfigurationPlatforms) = preSolution
		Debug|Any CPU = Debug|Any CPU
		Release|Any CPU = Release|Any CPU
	EndGlobalSection
	GlobalSection(ProjectConfigurationPlatforms) = postSolution
		{B2BFFCDD-DD56-4584-A5A1-8288D364330F}.Debug|Any CPU.ActiveCfg = Debug|Any CPU
		{B2BFFCDD-DD56-4584-A5A1-8288D364330F}.Debug|Any CPU.Build.0 = Debug|Any CPU
		{B2BFFCDD-DD56-4584-A5A1-8288D364330F}.Release|Any CPU.ActiveCfg = Release|Any CPU
		{B2BFFCDD-DD56-4584-A5A1-8288D364330F}.Release|Any CPU.Build.0 = Release|Any CPU
	EndGlobalSection
	GlobalSection(SolutionProperties) = preSolution
		HideSolutionNode = FALSE
	EndGlobalSection
	GlobalSection(ExtensibilityGlobals) = postSolution
		SolutionGuid = {1CEB57BE-00F5-47F2-949B-18408856D2B0}
	EndGlobalSection
EndGlobal
